
Microsoft Visual Studio Solution File, Format Version 12.00
# Visual Studio Version 16
VisualStudioVersion = 16.0.29609.76
MinimumVisualStudioVersion = 10.0.40219.1
Project("{FAE04EC0-301F-11D3-BF4B-00C04F79EFBC}") = "DiscordMemeBot", "DiscordMemeBot\DiscordMemeBot.csproj", "{BE536AD5-5E23-44BB-8640-6EE15EB545D9}"
EndProject
Global
	GlobalSection(SolutionConfigurationPlatforms) = preSolution
		Debug|Any CPU = Debug|Any CPU
		Release|Any CPU = Release|Any CPU
	EndGlobalSection
	GlobalSection(ProjectConfigurationPlatforms) = postSolution
		{BE536AD5-5E23-44BB-8640-6EE15EB545D9}.Debug|Any CPU.ActiveCfg = Debug|Any CPU
		{BE536AD5-5E23-44BB-8640-6EE15EB545D9}.Debug|Any CPU.Build.0 = Debug|Any CPU
		{BE536AD5-5E23-44BB-8640-6EE15EB545D9}.Release|Any CPU.ActiveCfg = Release|Any CPU
		{BE536AD5-5E23-44BB-8640-6EE15EB545D9}.Release|Any CPU.Build.0 = Release|Any CPU
	EndGlobalSection
	GlobalSection(SolutionProperties) = preSolution
		HideSolutionNode = FALSE
	EndGlobalSection
	GlobalSection(ExtensibilityGlobals) = postSolution
		SolutionGuid = {2F4AD29A-7842-4BF3-9DFE-AA51DA48D270}
	EndGlobalSection
EndGlobal
